
Microsoft Visual Studio Solution File, Format Version 12.00
# Visual Studio Version 17
VisualStudioVersion = 17.5.002.0
MinimumVisualStudioVersion = 10.0.40219.1
Project("{9A19103F-16F7-4668-BE54-9A1E7A4F7556}") = "ExpenseTracker", "ExpenseTracker.csproj", "{B2EB9970-C931-4650-A2DA-8A14933AC8B8}"
EndProject
Global
	GlobalSection(SolutionConfigurationPlatforms) = preSolution
		Debug|Any CPU = Debug|Any CPU
		Release|Any CPU = Release|Any CPU
	EndGlobalSection
	GlobalSection(ProjectConfigurationPlatforms) = postSolution
		{B2EB9970-C931-4650-A2DA-8A14933AC8B8}.Debug|Any CPU.ActiveCfg = Debug|Any CPU
		{B2EB9970-C931-4650-A2DA-8A14933AC8B8}.Debug|Any CPU.Build.0 = Debug|Any CPU
		{B2EB9970-C931-4650-A2DA-8A14933AC8B8}.Release|Any CPU.ActiveCfg = Release|Any CPU
		{B2EB9970-C931-4650-A2DA-8A14933AC8B8}.Release|Any CPU.Build.0 = Release|Any CPU
	EndGlobalSection
	GlobalSection(SolutionProperties) = preSolution
		HideSolutionNode = FALSE
	EndGlobalSection
	GlobalSection(ExtensibilityGlobals) = postSolution
		SolutionGuid = {F3605442-87A4-480C-813E-6A75EB4CDAEC}
	EndGlobalSection
EndGlobal
